
Microsoft Visual Studio Solution File, Format Version 12.00
# Visual Studio 15
VisualStudioVersion = 15.0.28307.106
MinimumVisualStudioVersion = 10.0.40219.1
Project("{FAE04EC0-301F-11D3-BF4B-00C04F79EFBC}") = "EmotionApp.Android", "EmotionApp\EmotionApp.Android\EmotionApp.Android.csproj", "{864C761E-563B-4D33-AD88-D7E03B879A32}"
EndProject
Project("{FAE04EC0-301F-11D3-BF4B-00C04F79EFBC}") = "EmotionApp.iOS", "EmotionApp\EmotionApp.iOS\EmotionApp.iOS.csproj", "{B6F776D0-CE83-46D3-B744-EC65CC1A338D}"
EndProject
Project("{FAE04EC0-301F-11D3-BF4B-00C04F79EFBC}") = "EmotionApp.UWP", "EmotionApp\EmotionApp.UWP\EmotionApp.UWP.csproj", "{64DA8282-8D1A-4EF6-A086-764792BE86D5}"
EndProject
Project("{FAE04EC0-301F-11D3-BF4B-00C04F79EFBC}") = "EmotionApp", "EmotionApp\EmotionApp\EmotionApp.csproj", "{578E5ED9-A5B0-4D9A-8F14-43234D08F622}"
EndProject
Global
	GlobalSection(SolutionConfigurationPlatforms) = preSolution
		Ad-Hoc|Any CPU = Ad-Hoc|Any CPU
		Ad-Hoc|ARM = Ad-Hoc|ARM
		Ad-Hoc|iPhone = Ad-Hoc|iPhone
		Ad-Hoc|iPhoneSimulator = Ad-Hoc|iPhoneSimulator
		Ad-Hoc|x64 = Ad-Hoc|x64
		Ad-Hoc|x86 = Ad-Hoc|x86
		AppStore|Any CPU = AppStore|Any CPU
		AppStore|ARM = AppStore|ARM
		AppStore|iPhone = AppStore|iPhone
		AppStore|iPhoneSimulator = AppStore|iPhoneSimulator
		AppStore|x64 = AppStore|x64
		AppStore|x86 = AppStore|x86
		Debug|Any CPU = Debug|Any CPU
		Debug|ARM = Debug|ARM
		Debug|iPhone = Debug|iPhone
		Debug|iPhoneSimulator = Debug|iPhoneSimulator
		Debug|x64 = Debug|x64
		Debug|x86 = Debug|x86
		Release|Any CPU = Release|Any CPU
		Release|ARM = Release|ARM
		Release|iPhone = Release|iPhone
		Release|iPhoneSimulator = Release|iPhoneSimulator
		Release|x64 = Release|x64
		Release|x86 = Release|x86
	EndGlobalSection
	GlobalSection(ProjectConfigurationPlatforms) = postSolution
		{864C761E-563B-4D33-AD88-D7E03B879A32}.Ad-Hoc|Any CPU.ActiveCfg = Release|Any CPU
		{864C761E-563B-4D33-AD88-D7E03B879A32}.Ad-Hoc|Any CPU.Build.0 = Release|Any CPU
		{864C761E-563B-4D33-AD88-D7E03B879A32}.Ad-Hoc|Any CPU.Deploy.0 = Release|Any CPU
		{864C761E-563B-4D33-AD88-D7E03B879A32}.Ad-Hoc|ARM.ActiveCfg = Release|Any CPU
		{864C761E-563B-4D33-AD88-D7E03B879A32}.Ad-Hoc|ARM.Build.0 = Release|Any CPU
		{864C761E-563B-4D33-AD88-D7E03B879A32}.Ad-Hoc|ARM.Deploy.0 = Release|Any CPU
		{864C761E-563B-4D33-AD88-D7E03B879A32}.Ad-Hoc|iPhone.ActiveCfg = Release|Any CPU
		{864C761E-563B-4D33-AD88-D7E03B879A32}.Ad-Hoc|iPhone.Build.0 = Release|Any CPU
		{864C761E-563B-4D33-AD88-D7E03B879A32}.Ad-Hoc|iPhone.Deploy.0 = Release|Any CPU
		{864C761E-563B-4D33-AD88-D7E03B879A32}.Ad-Hoc|iPhoneSimulator.ActiveCfg = Release|Any CPU
		{864C761E-563B-4D33-AD88-D7E03B879A32}.Ad-Hoc|iPhoneSimulator.Build.0 = Release|Any CPU
		{864C761E-563B-4D33-AD88-D7E03B879A32}.Ad-Hoc|iPhoneSimulator.Deploy.0 = Release|Any CPU
		{864C761E-563B-4D33-AD88-D7E03B879A32}.Ad-Hoc|x64.ActiveCfg = Release|Any CPU
		{864C761E-563B-4D33-AD88-D7E03B879A32}.Ad-Hoc|x64.Build.0 = Release|Any CPU
		{864C761E-563B-4D33-AD88-D7E03B879A32}.Ad-Hoc|x64.Deploy.0 = Release|Any CPU
		{864C761E-563B-4D33-AD88-D7E03B879A32}.Ad-Hoc|x86.ActiveCfg = Release|Any CPU
		{864C761E-563B-4D33-AD88-D7E03B879A32}.Ad-Hoc|x86.Build.0 = Release|Any CPU
		{864C761E-563B-4D33-AD88-D7E03B879A32}.Ad-Hoc|x86.Deploy.0 = Release|Any CPU
		{864C761E-563B-4D33-AD88-D7E03B879A32}.AppStore|Any CPU.ActiveCfg = Release|Any CPU
		{864C761E-563B-4D33-AD88-D7E03B879A32}.AppStore|Any CPU.Build.0 = Release|Any CPU
		{864C761E-563B-4D33-AD88-D7E03B879A32}.AppStore|Any CPU.Deploy.0 = Release|Any CPU
		{864C761E-563B-4D33-AD88-D7E03B879A32}.AppStore|ARM.ActiveCfg = Release|Any CPU
		{864C761E-563B-4D33-AD88-D7E03B879A32}.AppStore|ARM.Build.0 = Release|Any CPU
		{864C761E-563B-4D33-AD88-D7E03B879A32}.AppStore|ARM.Deploy.0 = Release|Any CPU
		{864C761E-563B-4D33-AD88-D7E03B879A32}.AppStore|iPhone.ActiveCfg = Release|Any CPU
		{864C761E-563B-4D33-AD88-D7E03B879A32}.AppStore|iPhone.Build.0 = Release|Any CPU
		{864C761E-563B-4D33-AD88-D7E03B879A32}.AppStore|iPhone.Deploy.0 = Release|Any CPU
		{864C761E-563B-4D33-AD88-D7E03B879A32}.AppStore|iPhoneSimulator.ActiveCfg = Release|Any CPU
		{864C761E-563B-4D33-AD88-D7E03B879A32}.AppStore|iPhoneSimulator.Build.0 = Release|Any CPU
		{864C761E-563B-4D33-AD88-D7E03B879A32}.AppStore|iPhoneSimulator.Deploy.0 = Release|Any CPU
		{864C761E-563B-4D33-AD88-D7E03B879A32}.AppStore|x64.ActiveCfg = Release|Any CPU
		{864C761E-563B-4D33-AD88-D7E03B879A32}.AppStore|x64.Build.0 = Release|Any CPU
		{864C761E-563B-4D33-AD88-D7E03B879A32}.AppStore|x64.Deploy.0 = Release|Any CPU
		{864C761E-563B-4D33-AD88-D7E03B879A32}.AppStore|x86.ActiveCfg = Release|Any CPU
		{864C761E-563B-4D33-AD88-D7E03B879A32}.AppStore|x86.Build.0 = Release|Any CPU
		{864C761E-563B-4D33-AD88-D7E03B879A32}.AppStore|x86.Deploy.0 = Release|Any CPU
		{864C761E-563B-4D33-AD88-D7E03B879A32}.Debug|Any CPU.ActiveCfg = Debug|Any CPU
		{864C761E-563B-4D33-AD88-D7E03B879A32}.Debug|Any CPU.Build.0 = Debug|Any CPU
		{864C761E-563B-4D33-AD88-D7E03B879A32}.Debug|Any CPU.Deploy.0 = Debug|Any CPU
		{864C761E-563B-4D33-AD88-D7E03B879A32}.Debug|ARM.ActiveCfg = Debug|Any CPU
		{864C761E-563B-4D33-AD88-D7E03B879A32}.Debug|ARM.Build.0 = Debug|Any CPU
		{864C761E-563B-4D33-AD88-D7E03B879A32}.Debug|ARM.Deploy.0 = Debug|Any CPU
		{864C761E-563B-4D33-AD88-D7E03B879A32}.Debug|iPhone.ActiveCfg = Debug|Any CPU
		{864C761E-563B-4D33-AD88-D7E03B879A32}.Debug|iPhone.Build.0 = Debug|Any CPU
		{864C761E-563B-4D33-AD88-D7E03B879A32}.Debug|iPhone.Deploy.0 = Debug|Any CPU
		{864C761E-563B-4D33-AD88-D7E03B879A32}.Debug|iPhoneSimulator.ActiveCfg = Debug|Any CPU
		{864C761E-563B-4D33-AD88-D7E03B879A32}.Debug|iPhoneSimulator.Build.0 = Debug|Any CPU
		{864C761E-563B-4D33-AD88-D7E03B879A32}.Debug|iPhoneSimulator.Deploy.0 = Debug|Any CPU
		{864C761E-563B-4D33-AD88-D7E03B879A32}.Debug|x64.ActiveCfg = Debug|Any CPU
		{864C761E-563B-4D33-AD88-D7E03B879A32}.Debug|x64.Build.0 = Debug|Any CPU
		{864C761E-563B-4D33-AD88-D7E03B879A32}.Debug|x64.Deploy.0 = Debug|Any CPU
		{864C761E-563B-4D33-AD88-D7E03B879A32}.Debug|x86.ActiveCfg = Debug|Any CPU
		{864C761E-563B-4D33-AD88-D7E03B879A32}.Debug|x86.Build.0 = Debug|Any CPU
		{864C761E-563B-4D33-AD88-D7E03B879A32}.Debug|x86.Deploy.0 = Debug|Any CPU
		{864C761E-563B-4D33-AD88-D7E03B879A32}.Release|Any CPU.ActiveCfg = Release|Any CPU
		{864C761E-563B-4D33-AD88-D7E03B879A32}.Release|Any CPU.Build.0 = Release|Any CPU
		{864C761E-563B-4D33-AD88-D7E03B879A32}.Release|Any CPU.Deploy.0 = Release|Any CPU
		{864C761E-563B-4D33-AD88-D7E03B879A32}.Release|ARM.ActiveCfg = Release|Any CPU
		{864C761E-563B-4D33-AD88-D7E03B879A32}.Release|ARM.Build.0 = Release|Any CPU
		{864C761E-563B-4D33-AD88-D7E03B879A32}.Release|ARM.Deploy.0 = Release|Any CPU
		{864C761E-563B-4D33-AD88-D7E03B879A32}.Release|iPhone.ActiveCfg = Release|Any CPU
		{864C761E-563B-4D33-AD88-D7E03B879A32}.Release|iPhone.Build.0 = Release|Any CPU
		{864C761E-563B-4D33-AD88-D7E03B879A32}.Release|iPhone.Deploy.0 = Release|Any CPU
		{864C761E-563B-4D33-AD88-D7E03B879A32}.Release|iPhoneSimulator.ActiveCfg = Release|Any CPU
		{864C761E-563B-4D33-AD88-D7E03B879A32}.Release|iPhoneSimulator.Build.0 = Release|Any CPU
		{864C761E-563B-4D33-AD88-D7E03B879A32}.Release|iPhoneSimulator.Deploy.0 = Release|Any CPU
		{864C761E-563B-4D33-AD88-D7E03B879A32}.Release|x64.ActiveCfg = Release|Any CPU
		{864C761E-563B-4D33-AD88-D7E03B879A32}.Release|x64.Build.0 = Release|Any CPU
		{864C761E-563B-4D33-AD88-D7E03B879A32}.Release|x64.Deploy.0 = Release|Any CPU
		{864C761E-563B-4D33-AD88-D7E03B879A32}.Release|x86.ActiveCfg = Release|Any CPU
		{864C761E-563B-4D33-AD88-D7E03B879A32}.Release|x86.Build.0 = Release|Any CPU
		{864C761E-563B-4D33-AD88-D7E03B879A32}.Release|x86.Deploy.0 = Release|Any CPU
		{B6F776D0-CE83-46D3-B744-EC65CC1A338D}.Ad-Hoc|Any CPU.ActiveCfg = Ad-Hoc|iPhone
		{B6F776D0-CE83-46D3-B744-EC65CC1A338D}.Ad-Hoc|Any CPU.Build.0 = Ad-Hoc|iPhone
		{B6F776D0-CE83-46D3-B744-EC65CC1A338D}.Ad-Hoc|Any CPU.Deploy.0 = Ad-Hoc|iPhone
		{B6F776D0-CE83-46D3-B744-EC65CC1A338D}.Ad-Hoc|ARM.ActiveCfg = Ad-Hoc|iPhone
		{B6F776D0-CE83-46D3-B744-EC65CC1A338D}.Ad-Hoc|ARM.Build.0 = Ad-Hoc|iPhone
		{B6F776D0-CE83-46D3-B744-EC65CC1A338D}.Ad-Hoc|ARM.Deploy.0 = Ad-Hoc|iPhone
		{B6F776D0-CE83-46D3-B744-EC65CC1A338D}.Ad-Hoc|iPhone.ActiveCfg = Ad-Hoc|iPhone
		{B6F776D0-CE83-46D3-B744-EC65CC1A338D}.Ad-Hoc|iPhone.Build.0 = Ad-Hoc|iPhone
		{B6F776D0-CE83-46D3-B744-EC65CC1A338D}.Ad-Hoc|iPhone.Deploy.0 = Ad-Hoc|iPhone
		{B6F776D0-CE83-46D3-B744-EC65CC1A338D}.Ad-Hoc|iPhoneSimulator.ActiveCfg = Ad-Hoc|iPhoneSimulator
		{B6F776D0-CE83-46D3-B744-EC65CC1A338D}.Ad-Hoc|iPhoneSimulator.Build.0 = Ad-Hoc|iPhoneSimulator
		{B6F776D0-CE83-46D3-B744-EC65CC1A338D}.Ad-Hoc|iPhoneSimulator.Deploy.0 = Ad-Hoc|iPhoneSimulator
		{B6F776D0-CE83-46D3-B744-EC65CC1A338D}.Ad-Hoc|x64.ActiveCfg = Ad-Hoc|iPhone
		{B6F776D0-CE83-46D3-B744-EC65CC1A338D}.Ad-Hoc|x64.Build.0 = Ad-Hoc|iPhone
		{B6F776D0-CE83-46D3-B744-EC65CC1A338D}.Ad-Hoc|x64.Deploy.0 = Ad-Hoc|iPhone
		{B6F776D0-CE83-46D3-B744-EC65CC1A338D}.Ad-Hoc|x86.ActiveCfg = Ad-Hoc|iPhone
		{B6F776D0-CE83-46D3-B744-EC65CC1A338D}.Ad-Hoc|x86.Build.0 = Ad-Hoc|iPhone
		{B6F776D0-CE83-46D3-B744-EC65CC1A338D}.Ad-Hoc|x86.Deploy.0 = Ad-Hoc|iPhone
		{B6F776D0-CE83-46D3-B744-EC65CC1A338D}.AppStore|Any CPU.ActiveCfg = AppStore|iPhone
		{B6F776D0-CE83-46D3-B744-EC65CC1A338D}.AppStore|Any CPU.Build.0 = AppStore|iPhone
		{B6F776D0-CE83-46D3-B744-EC65CC1A338D}.AppStore|Any CPU.Deploy.0 = AppStore|iPhone
		{B6F776D0-CE83-46D3-B744-EC65CC1A338D}.AppStore|ARM.ActiveCfg = AppStore|iPhone
		{B6F776D0-CE83-46D3-B744-EC65CC1A338D}.AppStore|ARM.Build.0 = AppStore|iPhone
		{B6F776D0-CE83-46D3-B744-EC65CC1A338D}.AppStore|ARM.Deploy.0 = AppStore|iPhone
		{B6F776D0-CE83-46D3-B744-EC65CC1A338D}.AppStore|iPhone.ActiveCfg = AppStore|iPhone
		{B6F776D0-CE83-46D3-B744-EC65CC1A338D}.AppStore|iPhone.Build.0 = AppStore|iPhone
		{B6F776D0-CE83-46D3-B744-EC65CC1A338D}.AppStore|iPhone.Deploy.0 = AppStore|iPhone
		{B6F776D0-CE83-46D3-B744-EC65CC1A338D}.AppStore|iPhoneSimulator.ActiveCfg = AppStore|iPhoneSimulator
		{B6F776D0-CE83-46D3-B744-EC65CC1A338D}.AppStore|iPhoneSimulator.Build.0 = AppStore|iPhoneSimulator
		{B6F776D0-CE83-46D3-B744-EC65CC1A338D}.AppStore|iPhoneSimulator.Deploy.0 = AppStore|iPhoneSimulator
		{B6F776D0-CE83-46D3-B744-EC65CC1A338D}.AppStore|x64.ActiveCfg = AppStore|iPhone
		{B6F776D0-CE83-46D3-B744-EC65CC1A338D}.AppStore|x64.Build.0 = AppStore|iPhone
		{B6F776D0-CE83-46D3-B744-EC65CC1A338D}.AppStore|x64.Deploy.0 = AppStore|iPhone
		{B6F776D0-CE83-46D3-B744-EC65CC1A338D}.AppStore|x86.ActiveCfg = AppStore|iPhone
		{B6F776D0-CE83-46D3-B744-EC65CC1A338D}.AppStore|x86.Build.0 = AppStore|iPhone
		{B6F776D0-CE83-46D3-B744-EC65CC1A338D}.AppStore|x86.Deploy.0 = AppStore|iPhone
		{B6F776D0-CE83-46D3-B744-EC65CC1A338D}.Debug|Any CPU.ActiveCfg = Debug|iPhoneSimulator
		{B6F776D0-CE83-46D3-B744-EC65CC1A338D}.Debug|Any CPU.Build.0 = Debug|iPhoneSimulator
		{B6F776D0-CE83-46D3-B744-EC65CC1A338D}.Debug|Any CPU.Deploy.0 = Debug|iPhoneSimulator
		{B6F776D0-CE83-46D3-B744-EC65CC1A338D}.Debug|ARM.ActiveCfg = Debug|iPhone
		{B6F776D0-CE83-46D3-B744-EC65CC1A338D}.Debug|ARM.Build.0 = Debug|iPhone
		{B6F776D0-CE83-46D3-B744-EC65CC1A338D}.Debug|ARM.Deploy.0 = Debug|iPhone
		{B6F776D0-CE83-46D3-B744-EC65CC1A338D}.Debug|iPhone.ActiveCfg = Debug|iPhone
		{B6F776D0-CE83-46D3-B744-EC65CC1A338D}.Debug|iPhone.Build.0 = Debug|iPhone
		{B6F776D0-CE83-46D3-B744-EC65CC1A338D}.Debug|iPhone.Deploy.0 = Debug|iPhone
		{B6F776D0-CE83-46D3-B744-EC65CC1A338D}.Debug|iPhoneSimulator.ActiveCfg = Debug|iPhoneSimulator
		{B6F776D0-CE83-46D3-B744-EC65CC1A338D}.Debug|iPhoneSimulator.Build.0 = Debug|iPhoneSimulator
		{B6F776D0-CE83-46D3-B744-EC65CC1A338D}.Debug|iPhoneSimulator.Deploy.0 = Debug|iPhoneSimulator
		{B6F776D0-CE83-46D3-B744-EC65CC1A338D}.Debug|x64.ActiveCfg = Debug|iPhone
		{B6F776D0-CE83-46D3-B744-EC65CC1A338D}.Debug|x64.Build.0 = Debug|iPhone
		{B6F776D0-CE83-46D3-B744-EC65CC1A338D}.Debug|x64.Deploy.0 = Debug|iPhone
		{B6F776D0-CE83-46D3-B744-EC65CC1A338D}.Debug|x86.ActiveCfg = Debug|iPhone
		{B6F776D0-CE83-46D3-B744-EC65CC1A338D}.Debug|x86.Build.0 = Debug|iPhone
		{B6F776D0-CE83-46D3-B744-EC65CC1A338D}.Debug|x86.Deploy.0 = Debug|iPhone
		{B6F776D0-CE83-46D3-B744-EC65CC1A338D}.Release|Any CPU.ActiveCfg = Release|iPhone
		{B6F776D0-CE83-46D3-B744-EC65CC1A338D}.Release|Any CPU.Build.0 = Release|iPhone
		{B6F776D0-CE83-46D3-B744-EC65CC1A338D}.Release|Any CPU.Deploy.0 = Release|iPhone
		{B6F776D0-CE83-46D3-B744-EC65CC1A338D}.Release|ARM.ActiveCfg = Release|iPhone
		{B6F776D0-CE83-46D3-B744-EC65CC1A338D}.Release|ARM.Build.0 = Release|iPhone
		{B6F776D0-CE83-46D3-B744-EC65CC1A338D}.Release|ARM.Deploy.0 = Release|iPhone
		{B6F776D0-CE83-46D3-B744-EC65CC1A338D}.Release|iPhone.ActiveCfg = Release|iPhone
		{B6F776D0-CE83-46D3-B744-EC65CC1A338D}.Release|iPhone.Build.0 = Release|iPhone
		{B6F776D0-CE83-46D3-B744-EC65CC1A338D}.Release|iPhone.Deploy.0 = Release|iPhone
		{B6F776D0-CE83-46D3-B744-EC65CC1A338D}.Release|iPhoneSimulator.ActiveCfg = Release|iPhoneSimulator
		{B6F776D0-CE83-46D3-B744-EC65CC1A338D}.Release|iPhoneSimulator.Build.0 = Release|iPhoneSimulator
		{B6F776D0-CE83-46D3-B744-EC65CC1A338D}.Release|iPhoneSimulator.Deploy.0 = Release|iPhoneSimulator
		{B6F776D0-CE83-46D3-B744-EC65CC1A338D}.Release|x64.ActiveCfg = Release|iPhone
		{B6F776D0-CE83-46D3-B744-EC65CC1A338D}.Release|x64.Build.0 = Release|iPhone
		{B6F776D0-CE83-46D3-B744-EC65CC1A338D}.Release|x64.Deploy.0 = Release|iPhone
		{B6F776D0-CE83-46D3-B744-EC65CC1A338D}.Release|x86.ActiveCfg = Release|iPhone
		{B6F776D0-CE83-46D3-B744-EC65CC1A338D}.Release|x86.Build.0 = Release|iPhone
		{B6F776D0-CE83-46D3-B744-EC65CC1A338D}.Release|x86.Deploy.0 = Release|iPhone
		{64DA8282-8D1A-4EF6-A086-764792BE86D5}.Ad-Hoc|Any CPU.ActiveCfg = Release|x86
		{64DA8282-8D1A-4EF6-A086-764792BE86D5}.Ad-Hoc|Any CPU.Build.0 = Release|x86
		{64DA8282-8D1A-4EF6-A086-764792BE86D5}.Ad-Hoc|Any CPU.Deploy.0 = Release|x86
		{64DA8282-8D1A-4EF6-A086-764792BE86D5}.Ad-Hoc|ARM.ActiveCfg = Release|ARM
		{64DA8282-8D1A-4EF6-A086-764792BE86D5}.Ad-Hoc|ARM.Build.0 = Release|ARM
		{64DA8282-8D1A-4EF6-A086-764792BE86D5}.Ad-Hoc|ARM.Deploy.0 = Release|ARM
		{64DA8282-8D1A-4EF6-A086-764792BE86D5}.Ad-Hoc|iPhone.ActiveCfg = Release|x86
		{64DA8282-8D1A-4EF6-A086-764792BE86D5}.Ad-Hoc|iPhone.Build.0 = Release|x86
		{64DA8282-8D1A-4EF6-A086-764792BE86D5}.Ad-Hoc|iPhone.Deploy.0 = Release|x86
		{64DA8282-8D1A-4EF6-A086-764792BE86D5}.Ad-Hoc|iPhoneSimulator.ActiveCfg = Release|x86
		{64DA8282-8D1A-4EF6-A086-764792BE86D5}.Ad-Hoc|iPhoneSimulator.Build.0 = Release|x86
		{64DA8282-8D1A-4EF6-A086-764792BE86D5}.Ad-Hoc|iPhoneSimulator.Deploy.0 = Release|x86
		{64DA8282-8D1A-4EF6-A086-764792BE86D5}.Ad-Hoc|x64.ActiveCfg = Release|x64
		{64DA8282-8D1A-4EF6-A086-764792BE86D5}.Ad-Hoc|x64.Build.0 = Release|x64
		{64DA8282-8D1A-4EF6-A086-764792BE86D5}.Ad-Hoc|x64.Deploy.0 = Release|x64
		{64DA8282-8D1A-4EF6-A086-764792BE86D5}.Ad-Hoc|x86.ActiveCfg = Release|x86
		{64DA8282-8D1A-4EF6-A086-764792BE86D5}.Ad-Hoc|x86.Build.0 = Release|x86
		{64DA8282-8D1A-4EF6-A086-764792BE86D5}.Ad-Hoc|x86.Deploy.0 = Release|x86
		{64DA8282-8D1A-4EF6-A086-764792BE86D5}.AppStore|Any CPU.ActiveCfg = Release|x86
		{64DA8282-8D1A-4EF6-A086-764792BE86D5}.AppStore|Any CPU.Build.0 = Release|x86
		{64DA8282-8D1A-4EF6-A086-764792BE86D5}.AppStore|Any CPU.Deploy.0 = Release|x86
		{64DA8282-8D1A-4EF6-A086-764792BE86D5}.AppStore|ARM.ActiveCfg = Release|ARM
		{64DA8282-8D1A-4EF6-A086-764792BE86D5}.AppStore|ARM.Build.0 = Release|ARM
		{64DA8282-8D1A-4EF6-A086-764792BE86D5}.AppStore|ARM.Deploy.0 = Release|ARM
		{64DA8282-8D1A-4EF6-A086-764792BE86D5}.AppStore|iPhone.ActiveCfg = Release|x86
		{64DA8282-8D1A-4EF6-A086-764792BE86D5}.AppStore|iPhone.Build.0 = Release|x86
		{64DA8282-8D1A-4EF6-A086-764792BE86D5}.AppStore|iPhone.Deploy.0 = Release|x86
		{64DA8282-8D1A-4EF6-A086-764792BE86D5}.AppStore|iPhoneSimulator.ActiveCfg = Release|x86
		{64DA8282-8D1A-4EF6-A086-764792BE86D5}.AppStore|iPhoneSimulator.Build.0 = Release|x86
		{64DA8282-8D1A-4EF6-A086-764792BE86D5}.AppStore|iPhoneSimulator.Deploy.0 = Release|x86
		{64DA8282-8D1A-4EF6-A086-764792BE86D5}.AppStore|x64.ActiveCfg = Release|x64
		{64DA8282-8D1A-4EF6-A086-764792BE86D5}.AppStore|x64.Build.0 = Release|x64
		{64DA8282-8D1A-4EF6-A086-764792BE86D5}.AppStore|x64.Deploy.0 = Release|x64
		{64DA8282-8D1A-4EF6-A086-764792BE86D5}.AppStore|x86.ActiveCfg = Release|x86
		{64DA8282-8D1A-4EF6-A086-764792BE86D5}.AppStore|x86.Build.0 = Release|x86
		{64DA8282-8D1A-4EF6-A086-764792BE86D5}.AppStore|x86.Deploy.0 = Release|x86
		{64DA8282-8D1A-4EF6-A086-764792BE86D5}.Debug|Any CPU.ActiveCfg = Debug|x86
		{64DA8282-8D1A-4EF6-A086-764792BE86D5}.Debug|Any CPU.Build.0 = Debug|x86
		{64DA8282-8D1A-4EF6-A086-764792BE86D5}.Debug|Any CPU.Deploy.0 = Debug|x86
		{64DA8282-8D1A-4EF6-A086-764792BE86D5}.Debug|ARM.ActiveCfg = Debug|ARM
		{64DA8282-8D1A-4EF6-A086-764792BE86D5}.Debug|ARM.Build.0 = Debug|ARM
		{64DA8282-8D1A-4EF6-A086-764792BE86D5}.Debug|ARM.Deploy.0 = Debug|ARM
		{64DA8282-8D1A-4EF6-A086-764792BE86D5}.Debug|iPhone.ActiveCfg = Debug|x86
		{64DA8282-8D1A-4EF6-A086-764792BE86D5}.Debug|iPhone.Build.0 = Debug|x86
		{64DA8282-8D1A-4EF6-A086-764792BE86D5}.Debug|iPhone.Deploy.0 = Debug|x86
		{64DA8282-8D1A-4EF6-A086-764792BE86D5}.Debug|iPhoneSimulator.ActiveCfg = Debug|x86
		{64DA8282-8D1A-4EF6-A086-764792BE86D5}.Debug|iPhoneSimulator.Build.0 = Debug|x86
		{64DA8282-8D1A-4EF6-A086-764792BE86D5}.Debug|iPhoneSimulator.Deploy.0 = Debug|x86
		{64DA8282-8D1A-4EF6-A086-764792BE86D5}.Debug|x64.ActiveCfg = Debug|x64
		{64DA8282-8D1A-4EF6-A086-764792BE86D5}.Debug|x64.Build.0 = Debug|x64
		{64DA8282-8D1A-4EF6-A086-764792BE86D5}.Debug|x64.Deploy.0 = Debug|x64
		{64DA8282-8D1A-4EF6-A086-764792BE86D5}.Debug|x86.ActiveCfg = Debug|x86
		{64DA8282-8D1A-4EF6-A086-764792BE86D5}.Debug|x86.Build.0 = Debug|x86
		{64DA8282-8D1A-4EF6-A086-764792BE86D5}.Debug|x86.Deploy.0 = Debug|x86
		{64DA8282-8D1A-4EF6-A086-764792BE86D5}.Release|Any CPU.ActiveCfg = Release|x86
		{64DA8282-8D1A-4EF6-A086-764792BE86D5}.Release|Any CPU.Build.0 = Release|x86
		{64DA8282-8D1A-4EF6-A086-764792BE86D5}.Release|Any CPU.Deploy.0 = Release|x86
		{64DA8282-8D1A-4EF6-A086-764792BE86D5}.Release|ARM.ActiveCfg = Release|ARM
		{64DA8282-8D1A-4EF6-A086-764792BE86D5}.Release|ARM.Build.0 = Release|ARM
		{64DA8282-8D1A-4EF6-A086-764792BE86D5}.Release|ARM.Deploy.0 = Release|ARM
		{64DA8282-8D1A-4EF6-A086-764792BE86D5}.Release|iPhone.ActiveCfg = Release|x86
		{64DA8282-8D1A-4EF6-A086-764792BE86D5}.Release|iPhone.Build.0 = Release|x86
		{64DA8282-8D1A-4EF6-A086-764792BE86D5}.Release|iPhone.Deploy.0 = Release|x86
		{64DA8282-8D1A-4EF6-A086-764792BE86D5}.Release|iPhoneSimulator.ActiveCfg = Release|x86
		{64DA8282-8D1A-4EF6-A086-764792BE86D5}.Release|iPhoneSimulator.Build.0 = Release|x86
		{64DA8282-8D1A-4EF6-A086-764792BE86D5}.Release|iPhoneSimulator.Deploy.0 = Release|x86
		{64DA8282-8D1A-4EF6-A086-764792BE86D5}.Release|x64.ActiveCfg = Release|x64
		{64DA8282-8D1A-4EF6-A086-764792BE86D5}.Release|x64.Build.0 = Release|x64
		{64DA8282-8D1A-4EF6-A086-764792BE86D5}.Release|x64.Deploy.0 = Release|x64
		{64DA8282-8D1A-4EF6-A086-764792BE86D5}.Release|x86.ActiveCfg = Release|x86
		{64DA8282-8D1A-4EF6-A086-764792BE86D5}.Release|x86.Build.0 = Release|x86
		{64DA8282-8D1A-4EF6-A086-764792BE86D5}.Release|x86.Deploy.0 = Release|x86
		{578E5ED9-A5B0-4D9A-8F14-43234D08F622}.Ad-Hoc|Any CPU.ActiveCfg = Debug|Any CPU
		{578E5ED9-A5B0-4D9A-8F14-43234D08F622}.Ad-Hoc|Any CPU.Build.0 = Debug|Any CPU
		{578E5ED9-A5B0-4D9A-8F14-43234D08F622}.Ad-Hoc|Any CPU.Deploy.0 = Debug|Any CPU
		{578E5ED9-A5B0-4D9A-8F14-43234D08F622}.Ad-Hoc|ARM.ActiveCfg = Debug|Any CPU
		{578E5ED9-A5B0-4D9A-8F14-43234D08F622}.Ad-Hoc|ARM.Build.0 = Debug|Any CPU
		{578E5ED9-A5B0-4D9A-8F14-43234D08F622}.Ad-Hoc|ARM.Deploy.0 = Debug|Any CPU
		{578E5ED9-A5B0-4D9A-8F14-43234D08F622}.Ad-Hoc|iPhone.ActiveCfg = Debug|Any CPU
		{578E5ED9-A5B0-4D9A-8F14-43234D08F622}.Ad-Hoc|iPhone.Build.0 = Debug|Any CPU
		{578E5ED9-A5B0-4D9A-8F14-43234D08F622}.Ad-Hoc|iPhone.Deploy.0 = Debug|Any CPU
		{578E5ED9-A5B0-4D9A-8F14-43234D08F622}.Ad-Hoc|iPhoneSimulator.ActiveCfg = Debug|Any CPU
		{578E5ED9-A5B0-4D9A-8F14-43234D08F622}.Ad-Hoc|iPhoneSimulator.Build.0 = Debug|Any CPU
		{578E5ED9-A5B0-4D9A-8F14-43234D08F622}.Ad-Hoc|iPhoneSimulator.Deploy.0 = Debug|Any CPU
		{578E5ED9-A5B0-4D9A-8F14-43234D08F622}.Ad-Hoc|x64.ActiveCfg = Debug|Any CPU
		{578E5ED9-A5B0-4D9A-8F14-43234D08F622}.Ad-Hoc|x64.Build.0 = Debug|Any CPU
		{578E5ED9-A5B0-4D9A-8F14-43234D08F622}.Ad-Hoc|x64.Deploy.0 = Debug|Any CPU
		{578E5ED9-A5B0-4D9A-8F14-43234D08F622}.Ad-Hoc|x86.ActiveCfg = Debug|Any CPU
		{578E5ED9-A5B0-4D9A-8F14-43234D08F622}.Ad-Hoc|x86.Build.0 = Debug|Any CPU
		{578E5ED9-A5B0-4D9A-8F14-43234D08F622}.Ad-Hoc|x86.Deploy.0 = Debug|Any CPU
		{578E5ED9-A5B0-4D9A-8F14-43234D08F622}.AppStore|Any CPU.ActiveCfg = Debug|Any CPU
		{578E5ED9-A5B0-4D9A-8F14-43234D08F622}.AppStore|Any CPU.Build.0 = Debug|Any CPU
		{578E5ED9-A5B0-4D9A-8F14-43234D08F622}.AppStore|Any CPU.Deploy.0 = Debug|Any CPU
		{578E5ED9-A5B0-4D9A-8F14-43234D08F622}.AppStore|ARM.ActiveCfg = Debug|Any CPU
		{578E5ED9-A5B0-4D9A-8F14-43234D08F622}.AppStore|ARM.Build.0 = Debug|Any CPU
		{578E5ED9-A5B0-4D9A-8F14-43234D08F622}.AppStore|ARM.Deploy.0 = Debug|Any CPU
		{578E5ED9-A5B0-4D9A-8F14-43234D08F622}.AppStore|iPhone.ActiveCfg = Debug|Any CPU
		{578E5ED9-A5B0-4D9A-8F14-43234D08F622}.AppStore|iPhone.Build.0 = Debug|Any CPU
		{578E5ED9-A5B0-4D9A-8F14-43234D08F622}.AppStore|iPhone.Deploy.0 = Debug|Any CPU
		{578E5ED9-A5B0-4D9A-8F14-43234D08F622}.AppStore|iPhoneSimulator.ActiveCfg = Debug|Any CPU
		{578E5ED9-A5B0-4D9A-8F14-43234D08F622}.AppStore|iPhoneSimulator.Build.0 = Debug|Any CPU
		{578E5ED9-A5B0-4D9A-8F14-43234D08F622}.AppStore|iPhoneSimulator.Deploy.0 = Debug|Any CPU
		{578E5ED9-A5B0-4D9A-8F14-43234D08F622}.AppStore|x64.ActiveCfg = Debug|Any CPU
		{578E5ED9-A5B0-4D9A-8F14-43234D08F622}.AppStore|x64.Build.0 = Debug|Any CPU
		{578E5ED9-A5B0-4D9A-8F14-43234D08F622}.AppStore|x64.Deploy.0 = Debug|Any CPU
		{578E5ED9-A5B0-4D9A-8F14-43234D08F622}.AppStore|x86.ActiveCfg = Debug|Any CPU
		{578E5ED9-A5B0-4D9A-8F14-43234D08F622}.AppStore|x86.Build.0 = Debug|Any CPU
		{578E5ED9-A5B0-4D9A-8F14-43234D08F622}.AppStore|x86.Deploy.0 = Debug|Any CPU
		{578E5ED9-A5B0-4D9A-8F14-43234D08F622}.Debug|Any CPU.ActiveCfg = Debug|Any CPU
		{578E5ED9-A5B0-4D9A-8F14-43234D08F622}.Debug|Any CPU.Build.0 = Debug|Any CPU
		{578E5ED9-A5B0-4D9A-8F14-43234D08F622}.Debug|Any CPU.Deploy.0 = Debug|Any CPU
		{578E5ED9-A5B0-4D9A-8F14-43234D08F622}.Debug|ARM.ActiveCfg = Debug|Any CPU
		{578E5ED9-A5B0-4D9A-8F14-43234D08F622}.Debug|ARM.Build.0 = Debug|Any CPU
		{578E5ED9-A5B0-4D9A-8F14-43234D08F622}.Debug|ARM.Deploy.0 = Debug|Any CPU
		{578E5ED9-A5B0-4D9A-8F14-43234D08F622}.Debug|iPhone.ActiveCfg = Debug|Any CPU
		{578E5ED9-A5B0-4D9A-8F14-43234D08F622}.Debug|iPhone.Build.0 = Debug|Any CPU
		{578E5ED9-A5B0-4D9A-8F14-43234D08F622}.Debug|iPhone.Deploy.0 = Debug|Any CPU
		{578E5ED9-A5B0-4D9A-8F14-43234D08F622}.Debug|iPhoneSimulator.ActiveCfg = Debug|Any CPU
		{578E5ED9-A5B0-4D9A-8F14-43234D08F622}.Debug|iPhoneSimulator.Build.0 = Debug|Any CPU
		{578E5ED9-A5B0-4D9A-8F14-43234D08F622}.Debug|iPhoneSimulator.Deploy.0 = Debug|Any CPU
		{578E5ED9-A5B0-4D9A-8F14-43234D08F622}.Debug|x64.ActiveCfg = Debug|Any CPU
		{578E5ED9-A5B0-4D9A-8F14-43234D08F622}.Debug|x64.Build.0 = Debug|Any CPU
		{578E5ED9-A5B0-4D9A-8F14-43234D08F622}.Debug|x64.Deploy.0 = Debug|Any CPU
		{578E5ED9-A5B0-4D9A-8F14-43234D08F622}.Debug|x86.ActiveCfg = Debug|Any CPU
		{578E5ED9-A5B0-4D9A-8F14-43234D08F622}.Debug|x86.Build.0 = Debug|Any CPU
		{578E5ED9-A5B0-4D9A-8F14-43234D08F622}.Debug|x86.Deploy.0 = Debug|Any CPU
		{578E5ED9-A5B0-4D9A-8F14-43234D08F622}.Release|Any CPU.ActiveCfg = Release|Any CPU
		{578E5ED9-A5B0-4D9A-8F14-43234D08F622}.Release|Any CPU.Build.0 = Release|Any CPU
		{578E5ED9-A5B0-4D9A-8F14-43234D08F622}.Release|Any CPU.Deploy.0 = Release|Any CPU
		{578E5ED9-A5B0-4D9A-8F14-43234D08F622}.Release|ARM.ActiveCfg = Release|Any CPU
		{578E5ED9-A5B0-4D9A-8F14-43234D08F622}.Release|ARM.Build.0 = Release|Any CPU
		{578E5ED9-A5B0-4D9A-8F14-43234D08F622}.Release|ARM.Deploy.0 = Release|Any CPU
		{578E5ED9-A5B0-4D9A-8F14-43234D08F622}.Release|iPhone.ActiveCfg = Release|Any CPU
		{578E5ED9-A5B0-4D9A-8F14-43234D08F622}.Release|iPhone.Build.0 = Release|Any CPU
		{578E5ED9-A5B0-4D9A-8F14-43234D08F622}.Release|iPhone.Deploy.0 = Release|Any CPU
		{578E5ED9-A5B0-4D9A-8F14-43234D08F622}.Release|iPhoneSimulator.ActiveCfg = Release|Any CPU
		{578E5ED9-A5B0-4D9A-8F14-43234D08F622}.Release|iPhoneSimulator.Build.0 = Release|Any CPU
		{578E5ED9-A5B0-4D9A-8F14-43234D08F622}.Release|iPhoneSimulator.Deploy.0 = Release|Any CPU
		{578E5ED9-A5B0-4D9A-8F14-43234D08F622}.Release|x64.ActiveCfg = Release|Any CPU
		{578E5ED9-A5B0-4D9A-8F14-43234D08F622}.Release|x64.Build.0 = Release|Any CPU
		{578E5ED9-A5B0-4D9A-8F14-43234D08F622}.Release|x64.Deploy.0 = Release|Any CPU
		{578E5ED9-A5B0-4D9A-8F14-43234D08F622}.Release|x86.ActiveCfg = Release|Any CPU
		{578E5ED9-A5B0-4D9A-8F14-43234D08F622}.Release|x86.Build.0 = Release|Any CPU
		{578E5ED9-A5B0-4D9A-8F14-43234D08F622}.Release|x86.Deploy.0 = Release|Any CPU
	EndGlobalSection
	GlobalSection(SolutionProperties) = preSolution
		HideSolutionNode = FALSE
	EndGlobalSection
	GlobalSection(ExtensibilityGlobals) = postSolution
		SolutionGuid = {DE2AEE92-9E73-42AE-B667-E0A36D666600}
	EndGlobalSection
EndGlobal
